
Microsoft Visual Studio Solution File, Format Version 12.00
# Visual Studio Version 16
VisualStudioVersion = 16.0.33423.256
MinimumVisualStudioVersion = 10.0.40219.1
Project("{FAE04EC0-301F-11D3-BF4B-00C04F79EFBC}") = "BMI", "BMI.csproj", "{E056CF5E-41BA-4B3E-9468-10D6774EC27A}"
EndProject
Global
	GlobalSection(SolutionConfigurationPlatforms) = preSolution
		Debug|Any CPU = Debug|Any CPU
		Release|Any CPU = Release|Any CPU
	EndGlobalSection
	GlobalSection(ProjectConfigurationPlatforms) = postSolution
		{E056CF5E-41BA-4B3E-9468-10D6774EC27A}.Debug|Any CPU.ActiveCfg = Debug|Any CPU
		{E056CF5E-41BA-4B3E-9468-10D6774EC27A}.Debug|Any CPU.Build.0 = Debug|Any CPU
		{E056CF5E-41BA-4B3E-9468-10D6774EC27A}.Release|Any CPU.ActiveCfg = Release|Any CPU
		{E056CF5E-41BA-4B3E-9468-10D6774EC27A}.Release|Any CPU.Build.0 = Release|Any CPU
	EndGlobalSection
	GlobalSection(SolutionProperties) = preSolution
		HideSolutionNode = FALSE
	EndGlobalSection
	GlobalSection(ExtensibilityGlobals) = postSolution
		SolutionGuid = {B6A707EE-D39E-453F-B434-9B45ED63FC9C}
	EndGlobalSection
EndGlobal
